
Microsoft Visual Studio Solution File, Format Version 12.00
# Visual Studio 15
VisualStudioVersion = 15.0.28307.271
MinimumVisualStudioVersion = 10.0.40219.1
Project("{FAE04EC0-301F-11D3-BF4B-00C04F79EFBC}") = "QRGen", "QRGen\QRGen.csproj", "{F0279E03-02D3-4055-8957-5325ACC9A988}"
EndProject
Global
	GlobalSection(SolutionConfigurationPlatforms) = preSolution
		Debug|Any CPU = Debug|Any CPU
		Release|Any CPU = Release|Any CPU
	EndGlobalSection
	GlobalSection(ProjectConfigurationPlatforms) = postSolution
		{F0279E03-02D3-4055-8957-5325ACC9A988}.Debug|Any CPU.ActiveCfg = Debug|Any CPU
		{F0279E03-02D3-4055-8957-5325ACC9A988}.Debug|Any CPU.Build.0 = Debug|Any CPU
		{F0279E03-02D3-4055-8957-5325ACC9A988}.Release|Any CPU.ActiveCfg = Release|Any CPU
		{F0279E03-02D3-4055-8957-5325ACC9A988}.Release|Any CPU.Build.0 = Release|Any CPU
	EndGlobalSection
	GlobalSection(SolutionProperties) = preSolution
		HideSolutionNode = FALSE
	EndGlobalSection
	GlobalSection(ExtensibilityGlobals) = postSolution
		SolutionGuid = {6159ED6A-EE94-4594-A498-A5744ED5A745}
	EndGlobalSection
EndGlobal
